
Microsoft Visual Studio Solution File, Format Version 11.00
# Visual Studio 2010
Project("{FAE04EC0-301F-11D3-BF4B-00C04F79EFBC}") = "_candid_bump", "_candid_bump\_candid_bump.csproj", "{94156693-2EC4-43FC-A1E9-AF474E7A2007}"
EndProject
Global
	GlobalSection(SolutionConfigurationPlatforms) = preSolution
		Debug|x86 = Debug|x86
		Release|x86 = Release|x86
	EndGlobalSection
	GlobalSection(ProjectConfigurationPlatforms) = postSolution
		{94156693-2EC4-43FC-A1E9-AF474E7A2007}.Debug|x86.ActiveCfg = Debug|x86
		{94156693-2EC4-43FC-A1E9-AF474E7A2007}.Debug|x86.Build.0 = Debug|x86
		{94156693-2EC4-43FC-A1E9-AF474E7A2007}.Release|x86.ActiveCfg = Release|x86
		{94156693-2EC4-43FC-A1E9-AF474E7A2007}.Release|x86.Build.0 = Release|x86
	EndGlobalSection
	GlobalSection(SolutionProperties) = preSolution
		HideSolutionNode = FALSE
	EndGlobalSection
EndGlobal
